// !$*UTF8*$!
{
	archiveVersion = 1;
	classes = {
	};
	objectVersion = 50;
	objects = {

/* Begin PBXBuildFile section */
		668B485C26539A8000371541 /* Rock-Paper-Scissors WatchKit App.app in Embed Watch Content */ = {isa = PBXBuildFile; fileRef = 668B485B26539A8000371541 /* Rock-Paper-Scissors WatchKit App.app */; settings = {ATTRIBUTES = (RemoveHeadersOnCopy, ); }; };
		668B486126539A8100371541 /* Assets.xcassets in Resources */ = {isa = PBXBuildFile; fileRef = 668B486026539A8100371541 /* Assets.xcassets */; };
		668B486826539A8100371541 /* Rock-Paper-Scissors WatchKit Extension.appex in Embed App Extensions */ = {isa = PBXBuildFile; fileRef = 668B486726539A8100371541 /* Rock-Paper-Scissors WatchKit Extension.appex */; settings = {ATTRIBUTES = (RemoveHeadersOnCopy, ); }; };
		668B486D26539A8100371541 /* Rock_Paper_ScissorsApp.swift in Sources */ = {isa = PBXBuildFile; fileRef = 668B486C26539A8100371541 /* Rock_Paper_ScissorsApp.swift */; };
		668B486F26539A8100371541 /* ContentView.swift in Sources */ = {isa = PBXBuildFile; fileRef = 668B486E26539A8100371541 /* ContentView.swift */; };
		668B487126539A8100371541 /* NotificationController.swift in Sources */ = {isa = PBXBuildFile; fileRef = 668B487026539A8100371541 /* NotificationController.swift */; };
		668B487326539A8100371541 /* NotificationView.swift in Sources */ = {isa = PBXBuildFile; fileRef = 668B487226539A8100371541 /* NotificationView.swift */; };
		668B487526539A8100371541 /* ComplicationController.swift in Sources */ = {isa = PBXBuildFile; fileRef = 668B487426539A8100371541 /* ComplicationController.swift */; };
		668B487726539A8200371541 /* Assets.xcassets in Resources */ = {isa = PBXBuildFile; fileRef = 668B487626539A8200371541 /* Assets.xcassets */; };
		668B487A26539A8200371541 /* Preview Assets.xcassets in Resources */ = {isa = PBXBuildFile; fileRef = 668B487926539A8200371541 /* Preview Assets.xcassets */; };
		668B488626539A8200371541 /* Rock_Paper_ScissorsTests.swift in Sources */ = {isa = PBXBuildFile; fileRef = 668B488526539A8200371541 /* Rock_Paper_ScissorsTests.swift */; };
		668B489126539A8200371541 /* Rock_Paper_ScissorsUITests.swift in Sources */ = {isa = PBXBuildFile; fileRef = 668B489026539A8200371541 /* Rock_Paper_ScissorsUITests.swift */; };
/* End PBXBuildFile section */

/* Begin PBXContainerItemProxy section */
		668B485D26539A8000371541 /* PBXContainerItemProxy */ = {
			isa = PBXContainerItemProxy;
			containerPortal = 668B485126539A8000371541 /* Project object */;
			proxyType = 1;
			remoteGlobalIDString = 668B485A26539A8000371541;
			remoteInfo = "Rock-Paper-Scissors WatchKit App";
		};
		668B486926539A8100371541 /* PBXContainerItemProxy */ = {
			isa = PBXContainerItemProxy;
			containerPortal = 668B485126539A8000371541 /* Project object */;
			proxyType = 1;
			remoteGlobalIDString = 668B486626539A8100371541;
			remoteInfo = "Rock-Paper-Scissors WatchKit Extension";
		};
		668B488226539A8200371541 /* PBXContainerItemProxy */ = {
			isa = PBXContainerItemProxy;
			containerPortal = 668B485126539A8000371541 /* Project object */;
			proxyType = 1;
			remoteGlobalIDString = 668B486626539A8100371541;
			remoteInfo = "Rock-Paper-Scissors WatchKit Extension";
		};
		668B488D26539A8200371541 /* PBXContainerItemProxy */ = {
			isa = PBXContainerItemProxy;
			containerPortal = 668B485126539A8000371541 /* Project object */;
			proxyType = 1;
			remoteGlobalIDString = 668B485A26539A8000371541;
			remoteInfo = "Rock-Paper-Scissors WatchKit App";
		};
/* End PBXContainerItemProxy section */

/* Begin PBXCopyFilesBuildPhase section */
		668B489826539A8200371541 /* Embed App Extensions */ = {
			isa = PBXCopyFilesBuildPhase;
			buildActionMask = 2147483647;
			dstPath = "";
			dstSubfolderSpec = 13;
			files = (
				668B486826539A8100371541 /* Rock-Paper-Scissors WatchKit Extension.appex in Embed App Extensions */,
			);
			name = "Embed App Extensions";
			runOnlyForDeploymentPostprocessing = 0;
		};
		668B489C26539A8200371541 /* Embed Watch Content */ = {
			isa = PBXCopyFilesBuildPhase;
			buildActionMask = 2147483647;
			dstPath = "$(CONTENTS_FOLDER_PATH)/Watch";
			dstSubfolderSpec = 16;
			files = (
				668B485C26539A8000371541 /* Rock-Paper-Scissors WatchKit App.app in Embed Watch Content */,
			);
			name = "Embed Watch Content";
			runOnlyForDeploymentPostprocessing = 0;
		};
/* End PBXCopyFilesBuildPhase section */

/* Begin PBXFileReference section */
		668B485726539A8000371541 /* Rock-Paper-Scissors.app */ = {isa = PBXFileReference; explicitFileType = wrapper.application; includeInIndex = 0; path = "Rock-Paper-Scissors.app"; sourceTree = BUILT_PRODUCTS_DIR; };
		668B485B26539A8000371541 /* Rock-Paper-Scissors WatchKit App.app */ = {isa = PBXFileReference; explicitFileType = wrapper.application; includeInIndex = 0; path = "Rock-Paper-Scissors WatchKit App.app"; sourceTree = BUILT_PRODUCTS_DIR; };
		668B486026539A8100371541 /* Assets.xcassets */ = {isa = PBXFileReference; lastKnownFileType = folder.assetcatalog; path = Assets.xcassets; sourceTree = "<group>"; };
		668B486226539A8100371541 /* Info.plist */ = {isa = PBXFileReference; lastKnownFileType = text.plist.xml; path = Info.plist; sourceTree = "<group>"; };
		668B486726539A8100371541 /* Rock-Paper-Scissors WatchKit Extension.appex */ = {isa = PBXFileReference; explicitFileType = "wrapper.app-extension"; includeInIndex = 0; path = "Rock-Paper-Scissors WatchKit Extension.appex"; sourceTree = BUILT_PRODUCTS_DIR; };
		668B486C26539A8100371541 /* Rock_Paper_ScissorsApp.swift */ = {isa = PBXFileReference; lastKnownFileType = sourcecode.swift; path = Rock_Paper_ScissorsApp.swift; sourceTree = "<group>"; };
		668B486E26539A8100371541 /* ContentView.swift */ = {isa = PBXFileReference; lastKnownFileType = sourcecode.swift; path = ContentView.swift; sourceTree = "<group>"; };
		668B487026539A8100371541 /* NotificationController.swift */ = {isa = PBXFileReference; lastKnownFileType = sourcecode.swift; path = NotificationController.swift; sourceTree = "<group>"; };
		668B487226539A8100371541 /* NotificationView.swift */ = {isa = PBXFileReference; lastKnownFileType = sourcecode.swift; path = NotificationView.swift; sourceTree = "<group>"; };
		668B487426539A8100371541 /* ComplicationController.swift */ = {isa = PBXFileReference; lastKnownFileType = sourcecode.swift; path = ComplicationController.swift; sourceTree = "<group>"; };
		668B487626539A8200371541 /* Assets.xcassets */ = {isa = PBXFileReference; lastKnownFileType = folder.assetcatalog; path = Assets.xcassets; sourceTree = "<group>"; };
		668B487926539A8200371541 /* Preview Assets.xcassets */ = {isa = PBXFileReference; lastKnownFileType = folder.assetcatalog; path = "Preview Assets.xcassets"; sourceTree = "<group>"; };
		668B487B26539A8200371541 /* Info.plist */ = {isa = PBXFileReference; lastKnownFileType = text.plist.xml; path = Info.plist; sourceTree = "<group>"; };
		668B487C26539A8200371541 /* PushNotificationPayload.apns */ = {isa = PBXFileReference; lastKnownFileType = text; path = PushNotificationPayload.apns; sourceTree = "<group>"; };
		668B488126539A8200371541 /* Rock-Paper-ScissorsTests.xctest */ = {isa = PBXFileReference; explicitFileType = wrapper.cfbundle; includeInIndex = 0; path = "Rock-Paper-ScissorsTests.xctest"; sourceTree = BUILT_PRODUCTS_DIR; };
		668B488526539A8200371541 /* Rock_Paper_ScissorsTests.swift */ = {isa = PBXFileReference; lastKnownFileType = sourcecode.swift; path = Rock_Paper_ScissorsTests.swift; sourceTree = "<group>"; };
		668B488726539A8200371541 /* Info.plist */ = {isa = PBXFileReference; lastKnownFileType = text.plist.xml; path = Info.plist; sourceTree = "<group>"; };
		668B488C26539A8200371541 /* Rock-Paper-ScissorsUITests.xctest */ = {isa = PBXFileReference; explicitFileType = wrapper.cfbundle; includeInIndex = 0; path = "Rock-Paper-ScissorsUITests.xctest"; sourceTree = BUILT_PRODUCTS_DIR; };
		668B489026539A8200371541 /* Rock_Paper_ScissorsUITests.swift */ = {isa = PBXFileReference; lastKnownFileType = sourcecode.swift; path = Rock_Paper_ScissorsUITests.swift; sourceTree = "<group>"; };
		668B489226539A8200371541 /* Info.plist */ = {isa = PBXFileReference; lastKnownFileType = text.plist.xml; path = Info.plist; sourceTree = "<group>"; };
/* End PBXFileReference section */

/* Begin PBXFrameworksBuildPhase section */
		668B486426539A8100371541 /* Frameworks */ = {
			isa = PBXFrameworksBuildPhase;
			buildActionMask = 2147483647;
			files = (
			);
			runOnlyForDeploymentPostprocessing = 0;
		};
		668B487E26539A8200371541 /* Frameworks */ = {
			isa = PBXFrameworksBuildPhase;
			buildActionMask = 2147483647;
			files = (
			);
			runOnlyForDeploymentPostprocessing = 0;
		};
		668B488926539A8200371541 /* Frameworks */ = {
			isa = PBXFrameworksBuildPhase;
			buildActionMask = 2147483647;
			files = (
			);
			runOnlyForDeploymentPostprocessing = 0;
		};
/* End PBXFrameworksBuildPhase section */

/* Begin PBXGroup section */
		668B485026539A8000371541 = {
			isa = PBXGroup;
			children = (
				668B485F26539A8000371541 /* Rock-Paper-Scissors WatchKit App */,
				668B486B26539A8100371541 /* Rock-Paper-Scissors WatchKit Extension */,
				668B488426539A8200371541 /* Rock-Paper-ScissorsTests */,
				668B488F26539A8200371541 /* Rock-Paper-ScissorsUITests */,
				668B485826539A8000371541 /* Products */,
			);
			sourceTree = "<group>";
		};
		668B485826539A8000371541 /* Products */ = {
			isa = PBXGroup;
			children = (
				668B485726539A8000371541 /* Rock-Paper-Scissors.app */,
				668B485B26539A8000371541 /* Rock-Paper-Scissors WatchKit App.app */,
				668B486726539A8100371541 /* Rock-Paper-Scissors WatchKit Extension.appex */,
				668B488126539A8200371541 /* Rock-Paper-ScissorsTests.xctest */,
				668B488C26539A8200371541 /* Rock-Paper-ScissorsUITests.xctest */,
			);
			name = Products;
			sourceTree = "<group>";
		};
		668B485F26539A8000371541 /* Rock-Paper-Scissors WatchKit App */ = {
			isa = PBXGroup;
			children = (
				668B486026539A8100371541 /* Assets.xcassets */,
				668B486226539A8100371541 /* Info.plist */,
			);
			path = "Rock-Paper-Scissors WatchKit App";
			sourceTree = "<group>";
		};
		668B486B26539A8100371541 /* Rock-Paper-Scissors WatchKit Extension */ = {
			isa = PBXGroup;
			children = (
				668B486C26539A8100371541 /* Rock_Paper_ScissorsApp.swift */,
				668B486E26539A8100371541 /* ContentView.swift */,
				668B487026539A8100371541 /* NotificationController.swift */,
				668B487226539A8100371541 /* NotificationView.swift */,
				668B487426539A8100371541 /* ComplicationController.swift */,
				668B487626539A8200371541 /* Assets.xcassets */,
				668B487B26539A8200371541 /* Info.plist */,
				668B487C26539A8200371541 /* PushNotificationPayload.apns */,
				668B487826539A8200371541 /* Preview Content */,
			);
			path = "Rock-Paper-Scissors WatchKit Extension";
			sourceTree = "<group>";
		};
		668B487826539A8200371541 /* Preview Content */ = {
			isa = PBXGroup;
			children = (
				668B487926539A8200371541 /* Preview Assets.xcassets */,
			);
			path = "Preview Content";
			sourceTree = "<group>";
		};
		668B488426539A8200371541 /* Rock-Paper-ScissorsTests */ = {
			isa = PBXGroup;
			children = (
				668B488526539A8200371541 /* Rock_Paper_ScissorsTests.swift */,
				668B488726539A8200371541 /* Info.plist */,
			);
			path = "Rock-Paper-ScissorsTests";
			sourceTree = "<group>";
		};
		668B488F26539A8200371541 /* Rock-Paper-ScissorsUITests */ = {
			isa = PBXGroup;
			children = (
				668B489026539A8200371541 /* Rock_Paper_ScissorsUITests.swift */,
				668B489226539A8200371541 /* Info.plist */,
			);
			path = "Rock-Paper-ScissorsUITests";
			sourceTree = "<group>";
		};
/* End PBXGroup section */

/* Begin PBXNativeTarget section */
		668B485626539A8000371541 /* Rock-Paper-Scissors */ = {
			isa = PBXNativeTarget;
			buildConfigurationList = 668B489D26539A8200371541 /* Build configuration list for PBXNativeTarget "Rock-Paper-Scissors" */;
			buildPhases = (
				668B485526539A8000371541 /* Resources */,
				668B489C26539A8200371541 /* Embed Watch Content */,
			);
			buildRules = (
			);
			dependencies = (
				668B485E26539A8000371541 /* PBXTargetDependency */,
			);
			name = "Rock-Paper-Scissors";
			productName = "Rock-Paper-Scissors";
			productReference = 668B485726539A8000371541 /* Rock-Paper-Scissors.app */;
			productType = "com.apple.product-type.application.watchapp2-container";
		};
		668B485A26539A8000371541 /* Rock-Paper-Scissors WatchKit App */ = {
			isa = PBXNativeTarget;
			buildConfigurationList = 668B489926539A8200371541 /* Build configuration list for PBXNativeTarget "Rock-Paper-Scissors WatchKit App" */;
			buildPhases = (
				668B485926539A8000371541 /* Resources */,
				668B489826539A8200371541 /* Embed App Extensions */,
			);
			buildRules = (
			);
			dependencies = (
				668B486A26539A8100371541 /* PBXTargetDependency */,
			);
			name = "Rock-Paper-Scissors WatchKit App";
			productName = "Rock-Paper-Scissors WatchKit App";
			productReference = 668B485B26539A8000371541 /* Rock-Paper-Scissors WatchKit App.app */;
			productType = "com.apple.product-type.application.watchapp2";
		};
		668B486626539A8100371541 /* Rock-Paper-Scissors WatchKit Extension */ = {
			isa = PBXNativeTarget;
			buildConfigurationList = 668B489526539A8200371541 /* Build configuration list for PBXNativeTarget "Rock-Paper-Scissors WatchKit Extension" */;
			buildPhases = (
				668B486326539A8100371541 /* Sources */,
				668B486426539A8100371541 /* Frameworks */,
				668B486526539A8100371541 /* Resources */,
			);
			buildRules = (
			);
			dependencies = (
			);
			name = "Rock-Paper-Scissors WatchKit Extension";
			productName = "Rock-Paper-Scissors WatchKit Extension";
			productReference = 668B486726539A8100371541 /* Rock-Paper-Scissors WatchKit Extension.appex */;
			productType = "com.apple.product-type.watchkit2-extension";
		};
		668B488026539A8200371541 /* Rock-Paper-ScissorsTests */ = {
			isa = PBXNativeTarget;
			buildConfigurationList = 668B48A026539A8200371541 /* Build configuration list for PBXNativeTarget "Rock-Paper-ScissorsTests" */;
			buildPhases = (
				668B487D26539A8200371541 /* Sources */,
				668B487E26539A8200371541 /* Frameworks */,
				668B487F26539A8200371541 /* Resources */,
			);
			buildRules = (
			);
			dependencies = (
				668B488326539A8200371541 /* PBXTargetDependency */,
			);
			name = "Rock-Paper-ScissorsTests";
			productName = "Rock-Paper-ScissorsTests";
			productReference = 668B488126539A8200371541 /* Rock-Paper-ScissorsTests.xctest */;
			productType = "com.apple.product-type.bundle.unit-test";
		};
		668B488B26539A8200371541 /* Rock-Paper-ScissorsUITests */ = {
			isa = PBXNativeTarget;
			buildConfigurationList = 668B48A326539A8200371541 /* Build configuration list for PBXNativeTarget "Rock-Paper-ScissorsUITests" */;
			buildPhases = (
				668B488826539A8200371541 /* Sources */,
				668B488926539A8200371541 /* Frameworks */,
				668B488A26539A8200371541 /* Resources */,
			);
			buildRules = (
			);
			dependencies = (
				668B488E26539A8200371541 /* PBXTargetDependency */,
			);
			name = "Rock-Paper-ScissorsUITests";
			productName = "Rock-Paper-ScissorsUITests";
			productReference = 668B488C26539A8200371541 /* Rock-Paper-ScissorsUITests.xctest */;
			productType = "com.apple.product-type.bundle.ui-testing";
		};
/* End PBXNativeTarget section */

/* Begin PBXProject section */
		668B485126539A8000371541 /* Project object */ = {
			isa = PBXProject;
			attributes = {
				LastSwiftUpdateCheck = 1250;
				LastUpgradeCheck = 1250;
				TargetAttributes = {
					668B485626539A8000371541 = {
						CreatedOnToolsVersion = 12.5;
					};
					668B485A26539A8000371541 = {
						CreatedOnToolsVersion = 12.5;
					};
					668B486626539A8100371541 = {
						CreatedOnToolsVersion = 12.5;
					};
					668B488026539A8200371541 = {
						CreatedOnToolsVersion = 12.5;
						TestTargetID = 668B486626539A8100371541;
					};
					668B488B26539A8200371541 = {
						CreatedOnToolsVersion = 12.5;
						TestTargetID = 668B485A26539A8000371541;
					};
				};
			};
			buildConfigurationList = 668B485426539A8000371541 /* Build configuration list for PBXProject "Rock-Paper-Scissors" */;
			compatibilityVersion = "Xcode 9.3";
			developmentRegion = en;
			hasScannedForEncodings = 0;
			knownRegions = (
				en,
				Base,
			);
			mainGroup = 668B485026539A8000371541;
			productRefGroup = 668B485826539A8000371541 /* Products */;
			projectDirPath = "";
			projectRoot = "";
			targets = (
				668B485626539A8000371541 /* Rock-Paper-Scissors */,
				668B485A26539A8000371541 /* Rock-Paper-Scissors WatchKit App */,
				668B486626539A8100371541 /* Rock-Paper-Scissors WatchKit Extension */,
				668B488026539A8200371541 /* Rock-Paper-ScissorsTests */,
				668B488B26539A8200371541 /* Rock-Paper-ScissorsUITests */,
			);
		};
/* End PBXProject section */

/* Begin PBXResourcesBuildPhase section */
		668B485526539A8000371541 /* Resources */ = {
			isa = PBXResourcesBuildPhase;
			buildActionMask = 2147483647;
			files = (
			);
			runOnlyForDeploymentPostprocessing = 0;
		};
		668B485926539A8000371541 /* Resources */ = {
			isa = PBXResourcesBuildPhase;
			buildActionMask = 2147483647;
			files = (
				668B486126539A8100371541 /* Assets.xcassets in Resources */,
			);
			runOnlyForDeploymentPostprocessing = 0;
		};
		668B486526539A8100371541 /* Resources */ = {
			isa = PBXResourcesBuildPhase;
			buildActionMask = 2147483647;
			files = (
				668B487A26539A8200371541 /* Preview Assets.xcassets in Resources */,
				668B487726539A8200371541 /* Assets.xcassets in Resources */,
			);
			runOnlyForDeploymentPostprocessing = 0;
		};
		668B487F26539A8200371541 /* Resources */ = {
			isa = PBXResourcesBuildPhase;
			buildActionMask = 2147483647;
			files = (
			);
			runOnlyForDeploymentPostprocessing = 0;
		};
		668B488A26539A8200371541 /* Resources */ = {
			isa = PBXResourcesBuildPhase;
			buildActionMask = 2147483647;
			files = (
			);
			runOnlyForDeploymentPostprocessing = 0;
		};
/* End PBXResourcesBuildPhase section */

/* Begin PBXSourcesBuildPhase section */
		668B486326539A8100371541 /* Sources */ = {
			isa = PBXSourcesBuildPhase;
			buildActionMask = 2147483647;
			files = (
				668B487126539A8100371541 /* NotificationController.swift in Sources */,
				668B486F26539A8100371541 /* ContentView.swift in Sources */,
				668B487526539A8100371541 /* ComplicationController.swift in Sources */,
				668B486D26539A8100371541 /* Rock_Paper_ScissorsApp.swift in Sources */,
				668B487326539A8100371541 /* NotificationView.swift in Sources */,
			);
			runOnlyForDeploymentPostprocessing = 0;
		};
		668B487D26539A8200371541 /* Sources */ = {
			isa = PBXSourcesBuildPhase;
			buildActionMask = 2147483647;
			files = (
				668B488626539A8200371541 /* Rock_Paper_ScissorsTests.swift in Sources */,
			);
			runOnlyForDeploymentPostprocessing = 0;
		};
		668B488826539A8200371541 /* Sources */ = {
			isa = PBXSourcesBuildPhase;
			buildActionMask = 2147483647;
			files = (
				668B489126539A8200371541 /* Rock_Paper_ScissorsUITests.swift in Sources */,
			);
			runOnlyForDeploymentPostprocessing = 0;
		};
/* End PBXSourcesBuildPhase section */

/* Begin PBXTargetDependency section */
		668B485E26539A8000371541 /* PBXTargetDependency */ = {
			isa = PBXTargetDependency;
			target = 668B485A26539A8000371541 /* Rock-Paper-Scissors WatchKit App */;
			targetProxy = 668B485D26539A8000371541 /* PBXContainerItemProxy */;
		};
		668B486A26539A8100371541 /* PBXTargetDependency */ = {
			isa = PBXTargetDependency;
			target = 668B486626539A8100371541 /* Rock-Paper-Scissors WatchKit Extension */;
			targetProxy = 668B486926539A8100371541 /* PBXContainerItemProxy */;
		};
		668B488326539A8200371541 /* PBXTargetDependency */ = {
			isa = PBXTargetDependency;
			target = 668B486626539A8100371541 /* Rock-Paper-Scissors WatchKit Extension */;
			targetProxy = 668B488226539A8200371541 /* PBXContainerItemProxy */;
		};
		668B488E26539A8200371541 /* PBXTargetDependency */ = {
			isa = PBXTargetDependency;
			target = 668B485A26539A8000371541 /* Rock-Paper-Scissors WatchKit App */;
			targetProxy = 668B488D26539A8200371541 /* PBXContainerItemProxy */;
		};
/* End PBXTargetDependency section */

/* Begin XCBuildConfiguration section */
		668B489326539A8200371541 /* Debug */ = {
			isa = XCBuildConfiguration;
			buildSettings = {
				ALWAYS_SEARCH_USER_PATHS = NO;
				CLANG_ANALYZER_NONNULL = YES;
				CLANG_ANALYZER_NUMBER_OBJECT_CONVERSION = YES_AGGRESSIVE;
				CLANG_CXX_LANGUAGE_STANDARD = "gnu++14";
				CLANG_CXX_LIBRARY = "libc++";
				CLANG_ENABLE_MODULES = YES;
				CLANG_ENABLE_OBJC_ARC = YES;
				CLANG_ENABLE_OBJC_WEAK = YES;
				CLANG_WARN_BLOCK_CAPTURE_AUTORELEASING = YES;
				CLANG_WARN_BOOL_CONVERSION = YES;
				CLANG_WARN_COMMA = YES;
				CLANG_WARN_CONSTANT_CONVERSION = YES;
				CLANG_WARN_DEPRECATED_OBJC_IMPLEMENTATIONS = YES;
				CLANG_WARN_DIRECT_OBJC_ISA_USAGE = YES_ERROR;
				CLANG_WARN_DOCUMENTATION_COMMENTS = YES;
				CLANG_WARN_EMPTY_BODY = YES;
				CLANG_WARN_ENUM_CONVERSION = YES;
				CLANG_WARN_INFINITE_RECURSION = YES;
				CLANG_WARN_INT_CONVERSION = YES;
				CLANG_WARN_NON_LITERAL_NULL_CONVERSION = YES;
				CLANG_WARN_OBJC_IMPLICIT_RETAIN_SELF = YES;
				CLANG_WARN_OBJC_LITERAL_CONVERSION = YES;
				CLANG_WARN_OBJC_ROOT_CLASS = YES_ERROR;
				CLANG_WARN_QUOTED_INCLUDE_IN_FRAMEWORK_HEADER = YES;
				CLANG_WARN_RANGE_LOOP_ANALYSIS = YES;
				CLANG_WARN_STRICT_PROTOTYPES = YES;
				CLANG_WARN_SUSPICIOUS_MOVE = YES;
				CLANG_WARN_UNGUARDED_AVAILABILITY = YES_AGGRESSIVE;
				CLANG_WARN_UNREACHABLE_CODE = YES;
				CLANG_WARN__DUPLICATE_METHOD_MATCH = YES;
				COPY_PHASE_STRIP = NO;
				DEBUG_INFORMATION_FORMAT = dwarf;
				ENABLE_STRICT_OBJC_MSGSEND = YES;
				ENABLE_TESTABILITY = YES;
				GCC_C_LANGUAGE_STANDARD = gnu11;
				GCC_DYNAMIC_NO_PIC = NO;
				GCC_NO_COMMON_BLOCKS = YES;
				GCC_OPTIMIZATION_LEVEL = 0;
				GCC_PREPROCESSOR_DEFINITIONS = (
					"DEBUG=1",
					"$(inherited)",
				);
				GCC_WARN_64_TO_32_BIT_CONVERSION = YES;
				GCC_WARN_ABOUT_RETURN_TYPE = YES_ERROR;
				GCC_WARN_UNDECLARED_SELECTOR = YES;
				GCC_WARN_UNINITIALIZED_AUTOS = YES_AGGRESSIVE;
				GCC_WARN_UNUSED_FUNCTION = YES;
				GCC_WARN_UNUSED_VARIABLE = YES;
				MTL_ENABLE_DEBUG_INFO = INCLUDE_SOURCE;
				MTL_FAST_MATH = YES;
				ONLY_ACTIVE_ARCH = YES;
				SDKROOT = iphoneos;
				SWIFT_ACTIVE_COMPILATION_CONDITIONS = DEBUG;
				SWIFT_OPTIMIZATION_LEVEL = "-Onone";
			};
			name = Debug;
		};
		668B489426539A8200371541 /* Release */ = {
			isa = XCBuildConfiguration;
			buildSettings = {
				ALWAYS_SEARCH_USER_PATHS = NO;
				CLANG_ANALYZER_NONNULL = YES;
				CLANG_ANALYZER_NUMBER_OBJECT_CONVERSION = YES_AGGRESSIVE;
				CLANG_CXX_LANGUAGE_STANDARD = "gnu++14";
				CLANG_CXX_LIBRARY = "libc++";
				CLANG_ENABLE_MODULES = YES;
				CLANG_ENABLE_OBJC_ARC = YES;
				CLANG_ENABLE_OBJC_WEAK = YES;
				CLANG_WARN_BLOCK_CAPTURE_AUTORELEASING = YES;
				CLANG_WARN_BOOL_CONVERSION = YES;
				CLANG_WARN_COMMA = YES;
				CLANG_WARN_CONSTANT_CONVERSION = YES;
				CLANG_WARN_DEPRECATED_OBJC_IMPLEMENTATIONS = YES;
				CLANG_WARN_DIRECT_OBJC_ISA_USAGE = YES_ERROR;
				CLANG_WARN_DOCUMENTATION_COMMENTS = YES;
				CLANG_WARN_EMPTY_BODY = YES;
				CLANG_WARN_ENUM_CONVERSION = YES;
				CLANG_WARN_INFINITE_RECURSION = YES;
				CLANG_WARN_INT_CONVERSION = YES;
				CLANG_WARN_NON_LITERAL_NULL_CONVERSION = YES;
				CLANG_WARN_OBJC_IMPLICIT_RETAIN_SELF = YES;
				CLANG_WARN_OBJC_LITERAL_CONVERSION = YES;
				CLANG_WARN_OBJC_ROOT_CLASS = YES_ERROR;
				CLANG_WARN_QUOTED_INCLUDE_IN_FRAMEWORK_HEADER = YES;
				CLANG_WARN_RANGE_LOOP_ANALYSIS = YES;
				CLANG_WARN_STRICT_PROTOTYPES = YES;
				CLANG_WARN_SUSPICIOUS_MOVE = YES;
				CLANG_WARN_UNGUARDED_AVAILABILITY = YES_AGGRESSIVE;
				CLANG_WARN_UNREACHABLE_CODE = YES;
				CLANG_WARN__DUPLICATE_METHOD_MATCH = YES;
				COPY_PHASE_STRIP = NO;
				DEBUG_INFORMATION_FORMAT = "dwarf-with-dsym";
				ENABLE_NS_ASSERTIONS = NO;
				ENABLE_STRICT_OBJC_MSGSEND = YES;
				GCC_C_LANGUAGE_STANDARD = gnu11;
				GCC_NO_COMMON_BLOCKS = YES;
				GCC_WARN_64_TO_32_BIT_CONVERSION = YES;
				GCC_WARN_ABOUT_RETURN_TYPE = YES_ERROR;
				GCC_WARN_UNDECLARED_SELECTOR = YES;
				GCC_WARN_UNINITIALIZED_AUTOS = YES_AGGRESSIVE;
				GCC_WARN_UNUSED_FUNCTION = YES;
				GCC_WARN_UNUSED_VARIABLE = YES;
				MTL_ENABLE_DEBUG_INFO = NO;
				MTL_FAST_MATH = YES;
				SDKROOT = iphoneos;
				SWIFT_COMPILATION_MODE = wholemodule;
				SWIFT_OPTIMIZATION_LEVEL = "-O";
				VALIDATE_PRODUCT = YES;
			};
			name = Release;
		};
		668B489626539A8200371541 /* Debug */ = {
			isa = XCBuildConfiguration;
			buildSettings = {
				ASSETCATALOG_COMPILER_COMPLICATION_NAME = Complication;
				CODE_SIGN_STYLE = Automatic;
				DEVELOPMENT_ASSET_PATHS = "\"Rock-Paper-Scissors WatchKit Extension/Preview Content\"";
				DEVELOPMENT_TEAM = Y6V36P2Q3X;
				ENABLE_PREVIEWS = YES;
				INFOPLIST_FILE = "Rock-Paper-Scissors WatchKit Extension/Info.plist";
				LD_RUNPATH_SEARCH_PATHS = (
					"$(inherited)",
					"@executable_path/Frameworks",
					"@executable_path/../../Frameworks",
				);
				PRODUCT_BUNDLE_IDENTIFIER = "com.chi-haru.Rock-Paper-Scissors.watchkitapp.watchkitextension";
				PRODUCT_NAME = "${TARGET_NAME}";
				SDKROOT = watchos;
				SKIP_INSTALL = YES;
				SWIFT_VERSION = 5.0;
				TARGETED_DEVICE_FAMILY = 4;
				WATCHOS_DEPLOYMENT_TARGET = 7.4;
			};
			name = Debug;
		};
		668B489726539A8200371541 /* Release */ = {
			isa = XCBuildConfiguration;
			buildSettings = {
				ASSETCATALOG_COMPILER_COMPLICATION_NAME = Complication;
				CODE_SIGN_STYLE = Automatic;
				DEVELOPMENT_ASSET_PATHS = "\"Rock-Paper-Scissors WatchKit Extension/Preview Content\"";
				DEVELOPMENT_TEAM = Y6V36P2Q3X;
				ENABLE_PREVIEWS = YES;
				INFOPLIST_FILE = "Rock-Paper-Scissors WatchKit Extension/Info.plist";
				LD_RUNPATH_SEARCH_PATHS = (
					"$(inherited)",
					"@executable_path/Frameworks",
					"@executable_path/../../Frameworks",
				);
				PRODUCT_BUNDLE_IDENTIFIER = "com.chi-haru.Rock-Paper-Scissors.watchkitapp.watchkitextension";
				PRODUCT_NAME = "${TARGET_NAME}";
				SDKROOT = watchos;
				SKIP_INSTALL = YES;
				SWIFT_VERSION = 5.0;
				TARGETED_DEVICE_FAMILY = 4;
				WATCHOS_DEPLOYMENT_TARGET = 7.4;
			};
			name = Release;
		};
		668B489A26539A8200371541 /* Debug */ = {
			isa = XCBuildConfiguration;
			buildSettings = {
				ALWAYS_EMBED_SWIFT_STANDARD_LIBRARIES = YES;
				ASSETCATALOG_COMPILER_APPICON_NAME = AppIcon;
				ASSETCATALOG_COMPILER_GLOBAL_ACCENT_COLOR_NAME = AccentColor;
				CODE_SIGN_STYLE = Automatic;
				DEVELOPMENT_TEAM = Y6V36P2Q3X;
				IBSC_MODULE = Rock_Paper_Scissors_WatchKit_Extension;
				INFOPLIST_FILE = "Rock-Paper-Scissors WatchKit App/Info.plist";
				PRODUCT_BUNDLE_IDENTIFIER = "com.chi-haru.Rock-Paper-Scissors.watchkitapp";
				PRODUCT_NAME = "$(TARGET_NAME)";
				SDKROOT = watchos;
				SKIP_INSTALL = YES;
				SWIFT_VERSION = 5.0;
				TARGETED_DEVICE_FAMILY = 4;
				WATCHOS_DEPLOYMENT_TARGET = 7.4;
			};
			name = Debug;
		};
		668B489B26539A8200371541 /* Release */ = {
			isa = XCBuildConfiguration;
			buildSettings = {
				ALWAYS_EMBED_SWIFT_STANDARD_LIBRARIES = YES;
				ASSETCATALOG_COMPILER_APPICON_NAME = AppIcon;
				ASSETCATALOG_COMPILER_GLOBAL_ACCENT_COLOR_NAME = AccentColor;
				CODE_SIGN_STYLE = Automatic;
				DEVELOPMENT_TEAM = Y6V36P2Q3X;
				IBSC_MODULE = Rock_Paper_Scissors_WatchKit_Extension;
				INFOPLIST_FILE = "Rock-Paper-Scissors WatchKit App/Info.plist";
				PRODUCT_BUNDLE_IDENTIFIER = "com.chi-haru.Rock-Paper-Scissors.watchkitapp";
				PRODUCT_NAME = "$(TARGET_NAME)";
				SDKROOT = watchos;
				SKIP_INSTALL = YES;
				SWIFT_VERSION = 5.0;
				TARGETED_DEVICE_FAMILY = 4;
				WATCHOS_DEPLOYMENT_TARGET = 7.4;
			};
			name = Release;
		};
		668B489E26539A8200371541 /* Debug */ = {
			isa = XCBuildConfiguration;
			buildSettings = {
				CODE_SIGN_STYLE = Automatic;
				CURRENT_PROJECT_VERSION = 1;
				DEVELOPMENT_TEAM = Y6V36P2Q3X;
				MARKETING_VERSION = 1.0;
				PRODUCT_BUNDLE_IDENTIFIER = "com.chi-haru.Rock-Paper-Scissors";
				PRODUCT_NAME = "$(TARGET_NAME)";
				SWIFT_VERSION = 5.0;
			};
			name = Debug;
		};
		668B489F26539A8200371541 /* Release */ = {
			isa = XCBuildConfiguration;
			buildSettings = {
				CODE_SIGN_STYLE = Automatic;
				CURRENT_PROJECT_VERSION = 1;
				DEVELOPMENT_TEAM = Y6V36P2Q3X;
				MARKETING_VERSION = 1.0;
				PRODUCT_BUNDLE_IDENTIFIER = "com.chi-haru.Rock-Paper-Scissors";
				PRODUCT_NAME = "$(TARGET_NAME)";
				SWIFT_VERSION = 5.0;
			};
			name = Release;
		};
		668B48A126539A8200371541 /* Debug */ = {
			isa = XCBuildConfiguration;
			buildSettings = {
				ALWAYS_EMBED_SWIFT_STANDARD_LIBRARIES = YES;
				BUNDLE_LOADER = "$(TEST_HOST)";
				CODE_SIGN_STYLE = Automatic;
				DEVELOPMENT_TEAM = Y6V36P2Q3X;
				INFOPLIST_FILE = "Rock-Paper-ScissorsTests/Info.plist";
				LD_RUNPATH_SEARCH_PATHS = (
					"$(inherited)",
					"@executable_path/Frameworks",
					"@loader_path/Frameworks",
				);
				PRODUCT_BUNDLE_IDENTIFIER = "com.chi-haru.Rock-Paper-ScissorsTests";
				PRODUCT_NAME = "$(TARGET_NAME)";
				SDKROOT = watchos;
				SWIFT_VERSION = 5.0;
				TARGETED_DEVICE_FAMILY = 4;
				TEST_HOST = "$(BUILT_PRODUCTS_DIR)/Rock-Paper-Scissors WatchKit Extension.appex/Rock-Paper-Scissors WatchKit Extension";
				WATCHOS_DEPLOYMENT_TARGET = 7.4;
			};
			name = Debug;
		};
		668B48A226539A8200371541 /* Release */ = {
			isa = XCBuildConfiguration;
			buildSettings = {
				ALWAYS_EMBED_SWIFT_STANDARD_LIBRARIES = YES;
				BUNDLE_LOADER = "$(TEST_HOST)";
				CODE_SIGN_STYLE = Automatic;
				DEVELOPMENT_TEAM = Y6V36P2Q3X;
				INFOPLIST_FILE = "Rock-Paper-ScissorsTests/Info.plist";
				LD_RUNPATH_SEARCH_PATHS = (
					"$(inherited)",
					"@executable_path/Frameworks",
					"@loader_path/Frameworks",
				);
				PRODUCT_BUNDLE_IDENTIFIER = "com.chi-haru.Rock-Paper-ScissorsTests";
				PRODUCT_NAME = "$(TARGET_NAME)";
				SDKROOT = watchos;
				SWIFT_VERSION = 5.0;
				TARGETED_DEVICE_FAMILY = 4;
				TEST_HOST = "$(BUILT_PRODUCTS_DIR)/Rock-Paper-Scissors WatchKit Extension.appex/Rock-Paper-Scissors WatchKit Extension";
				WATCHOS_DEPLOYMENT_TARGET = 7.4;
			};
			name = Release;
		};
		668B48A426539A8200371541 /* Debug */ = {
			isa = XCBuildConfiguration;
			buildSettings = {
				CODE_SIGN_STYLE = Automatic;
				DEVELOPMENT_TEAM = Y6V36P2Q3X;
				INFOPLIST_FILE = "Rock-Paper-ScissorsUITests/Info.plist";
				LD_RUNPATH_SEARCH_PATHS = (
					"$(inherited)",
					"@executable_path/Frameworks",
					"@loader_path/Frameworks",
				);
				PRODUCT_BUNDLE_IDENTIFIER = "com.chi-haru.Rock-Paper-ScissorsUITests";
				PRODUCT_NAME = "$(TARGET_NAME)";
				SDKROOT = watchos;
				SWIFT_VERSION = 5.0;
				TARGETED_DEVICE_FAMILY = 4;
				TEST_TARGET_NAME = "Rock-Paper-Scissors WatchKit App";
				WATCHOS_DEPLOYMENT_TARGET = 7.4;
			};
			name = Debug;
		};
		668B48A526539A8200371541 /* Release */ = {
			isa = XCBuildConfiguration;
			buildSettings = {
				CODE_SIGN_STYLE = Automatic;
				DEVELOPMENT_TEAM = Y6V36P2Q3X;
				INFOPLIST_FILE = "Rock-Paper-ScissorsUITests/Info.plist";
				LD_RUNPATH_SEARCH_PATHS = (
					"$(inherited)",
					"@executable_path/Frameworks",
					"@loader_path/Frameworks",
				);
				PRODUCT_BUNDLE_IDENTIFIER = "com.chi-haru.Rock-Paper-ScissorsUITests";
				PRODUCT_NAME = "$(TARGET_NAME)";
				SDKROOT = watchos;
				SWIFT_VERSION = 5.0;
				TARGETED_DEVICE_FAMILY = 4;
				TEST_TARGET_NAME = "Rock-Paper-Scissors WatchKit App";
				WATCHOS_DEPLOYMENT_TARGET = 7.4;
			};
			name = Release;
		};
/* End XCBuildConfiguration section */

/* Begin XCConfigurationList section */
		668B485426539A8000371541 /* Build configuration list for PBXProject "Rock-Paper-Scissors" */ = {
			isa = XCConfigurationList;
			buildConfigurations = (
				668B489326539A8200371541 /* Debug */,
				668B489426539A8200371541 /* Release */,
			);
			defaultConfigurationIsVisible = 0;
			defaultConfigurationName = Release;
		};
		668B489526539A8200371541 /* Build configuration list for PBXNativeTarget "Rock-Paper-Scissors WatchKit Extension" */ = {
			isa = XCConfigurationList;
			buildConfigurations = (
				668B489626539A8200371541 /* Debug */,
				668B489726539A8200371541 /* Release */,
			);
			defaultConfigurationIsVisible = 0;
			defaultConfigurationName = Release;
		};
		668B489926539A8200371541 /* Build configuration list for PBXNativeTarget "Rock-Paper-Scissors WatchKit App" */ = {
			isa = XCConfigurationList;
			buildConfigurations = (
				668B489A26539A8200371541 /* Debug */,
				668B489B26539A8200371541 /* Release */,
			);
			defaultConfigurationIsVisible = 0;
			defaultConfigurationName = Release;
		};
		668B489D26539A8200371541 /* Build configuration list for PBXNativeTarget "Rock-Paper-Scissors" */ = {
			isa = XCConfigurationList;
			buildConfigurations = (
				668B489E26539A8200371541 /* Debug */,
				668B489F26539A8200371541 /* Release */,
			);
			defaultConfigurationIsVisible = 0;
			defaultConfigurationName = Release;
		};
		668B48A026539A8200371541 /* Build configuration list for PBXNativeTarget "Rock-Paper-ScissorsTests" */ = {
			isa = XCConfigurationList;
			buildConfigurations = (
				668B48A126539A8200371541 /* Debug */,
				668B48A226539A8200371541 /* Release */,
			);
			defaultConfigurationIsVisible = 0;
			defaultConfigurationName = Release;
		};
		668B48A326539A8200371541 /* Build configuration list for PBXNativeTarget "Rock-Paper-ScissorsUITests" */ = {
			isa = XCConfigurationList;
			buildConfigurations = (
				668B48A426539A8200371541 /* Debug */,
				668B48A526539A8200371541 /* Release */,
			);
			defaultConfigurationIsVisible = 0;
			defaultConfigurationName = Release;
		};
/* End XCConfigurationList section */
	};
	rootObject = 668B485126539A8000371541 /* Project object */;
}
